
Microsoft Visual Studio Solution File, Format Version 12.00
# Visual Studio 15
VisualStudioVersion = 15.0.26730.16
MinimumVisualStudioVersion = 10.0.40219.1
Project("{FAE04EC0-301F-11D3-BF4B-00C04F79EFBC}") = "[Parcial2-Ap2-Anthony Santana]", "[Parcial2-Ap2-Anthony Santana]\[Parcial2-Ap2-Anthony Santana].csproj", "{8068D3EF-92B1-4F9F-9BDC-28B10EB57290}"
EndProject
Project("{FAE04EC0-301F-11D3-BF4B-00C04F79EFBC}") = "BLL", "[Parcial2-Ap2-Anthony Santana]\BLL\BLL.csproj", "{82A61530-6909-49F7-B37A-50A60E195A38}"
EndProject
Project("{FAE04EC0-301F-11D3-BF4B-00C04F79EFBC}") = "DAL", "[Parcial2-Ap2-Anthony Santana]\DAL\DAL.csproj", "{DF00E10C-84FC-4DC8-9CDD-6DBDA9ABF96E}"
EndProject
Project("{FAE04EC0-301F-11D3-BF4B-00C04F79EFBC}") = "Entidades", "..\ProyectoFinal\SystemAlmacen\Entidades\Entidades.csproj", "{D8EFD694-63E5-4D20-8E78-D5E6CE7BE692}"
EndProject
Global
	GlobalSection(SolutionConfigurationPlatforms) = preSolution
		Debug|Any CPU = Debug|Any CPU
		Release|Any CPU = Release|Any CPU
	EndGlobalSection
	GlobalSection(ProjectConfigurationPlatforms) = postSolution
		{8068D3EF-92B1-4F9F-9BDC-28B10EB57290}.Debug|Any CPU.ActiveCfg = Debug|Any CPU
		{8068D3EF-92B1-4F9F-9BDC-28B10EB57290}.Debug|Any CPU.Build.0 = Debug|Any CPU
		{8068D3EF-92B1-4F9F-9BDC-28B10EB57290}.Release|Any CPU.ActiveCfg = Release|Any CPU
		{8068D3EF-92B1-4F9F-9BDC-28B10EB57290}.Release|Any CPU.Build.0 = Release|Any CPU
		{82A61530-6909-49F7-B37A-50A60E195A38}.Debug|Any CPU.ActiveCfg = Debug|Any CPU
		{82A61530-6909-49F7-B37A-50A60E195A38}.Debug|Any CPU.Build.0 = Debug|Any CPU
		{82A61530-6909-49F7-B37A-50A60E195A38}.Release|Any CPU.ActiveCfg = Release|Any CPU
		{82A61530-6909-49F7-B37A-50A60E195A38}.Release|Any CPU.Build.0 = Release|Any CPU
		{DF00E10C-84FC-4DC8-9CDD-6DBDA9ABF96E}.Debug|Any CPU.ActiveCfg = Debug|Any CPU
		{DF00E10C-84FC-4DC8-9CDD-6DBDA9ABF96E}.Debug|Any CPU.Build.0 = Debug|Any CPU
		{DF00E10C-84FC-4DC8-9CDD-6DBDA9ABF96E}.Release|Any CPU.ActiveCfg = Release|Any CPU
		{DF00E10C-84FC-4DC8-9CDD-6DBDA9ABF96E}.Release|Any CPU.Build.0 = Release|Any CPU
		{D8EFD694-63E5-4D20-8E78-D5E6CE7BE692}.Debug|Any CPU.ActiveCfg = Debug|Any CPU
		{D8EFD694-63E5-4D20-8E78-D5E6CE7BE692}.Debug|Any CPU.Build.0 = Debug|Any CPU
		{D8EFD694-63E5-4D20-8E78-D5E6CE7BE692}.Release|Any CPU.ActiveCfg = Release|Any CPU
		{D8EFD694-63E5-4D20-8E78-D5E6CE7BE692}.Release|Any CPU.Build.0 = Release|Any CPU
	EndGlobalSection
	GlobalSection(SolutionProperties) = preSolution
		HideSolutionNode = FALSE
	EndGlobalSection
	GlobalSection(ExtensibilityGlobals) = postSolution
		SolutionGuid = {BF7DD1C7-C6AB-411D-9467-9804E34484D0}
	EndGlobalSection
EndGlobal
